# This file is autogenerated, do not edit; changes may be undone by the next 'dep ensure'.


[[projects]]
  branch = "master"
  digest = "1:de394ceaff161d63657f01b98882a9a69ca025e512af1b94f963de10a1114035"
  name = "github.com/mbertschler/blocks"
  packages = ["html"]
  pruneopts = "UT"
  revision = "a7ed445b005f7952b29ce54e71827922e31e7050"

[solve-meta]
  analyzer-name = "dep"
  analyzer-version = 1
  input-imports = ["github.com/mbertschler/blocks/html"]
  solver-name = "gps-cdcl"
  solver-version = 1
